{
    "_readme": [
        "This file locks the dependencies of your project to a known state",
        "Read more about it at https://getcomposer.org/doc/01-basic-usage.md#composer-lock-the-lock-file",
        "This file is @generated automatically"
    ],
    "hash": "f32d0636e3d6571d3744e293a65f200f",
    "content-hash": "9251affea9b9a67a1703dff3ef5c24f1",
    "packages": [
        {
            "name": "components/jquery",
            "version": "2.2.1",
            "source": {
                "type": "git",
                "url": "https://github.com/components/jquery.git",
                "reference": "7894addbce3c4de6f82449610e6f8e168b49e9b0"
            },
            "dist": {
                "type": "zip",
                "url": "https://api.github.com/repos/components/jquery/zipball/7894addbce3c4de6f82449610e6f8e168b49e9b0",
                "reference": "7894addbce3c4de6f82449610e6f8e168b49e9b0",
                "shasum": ""
            },
            "type": "component",
            "extra": {
                "component": {
                    "scripts": [
                        "jquery.js"
                    ],
                    "files": [
                        "jquery.min.js",
                        "jquery.min.map",
                        "jquery-migrate.js",
                        "jquery-migrate.min.js"
                    ]
                }
            },
            "notification-url": "https://packagist.org/downloads/",
            "license": [
                "MIT"
            ],
            "authors": [
                {
                    "name": "John Resig",
                    "email": "jeresig@gmail.com"
                }
            ],
            "description": "jQuery JavaScript Library",
            "homepage": "http://jquery.com",
            "time": "2016-02-24 08:16:25"
        },
        {
            "name": "twbs/bootstrap",
            "version": "v3.3.6",
            "source": {
                "type": "git",
                "url": "https://github.com/twbs/bootstrap.git",
                "reference": "81df608a40bf0629a1dc08e584849bb1e43e0b7a"
            },
            "dist": {
                "type": "zip",
                "url": "https://api.github.com/repos/twbs/bootstrap/zipball/81df608a40bf0629a1dc08e584849bb1e43e0b7a",
                "reference": "81df608a40bf0629a1dc08e584849bb1e43e0b7a",
                "shasum": ""
            },
            "replace": {
                "twitter/bootstrap": "self.version"
            },
            "type": "library",
            "extra": {
                "branch-alias": {
                    "dev-master": "3.3.x-dev"
                }
            },
            "notification-url": "https://packagist.org/downloads/",
            "license": [
                "MIT"
            ],
            "authors": [
                {
                    "name": "Jacob Thornton",
                    "email": "jacobthornton@gmail.com"
                },
                {
                    "name": "Mark Otto",
                    "email": "markdotto@gmail.com"
                }
            ],
            "description": "The most popular front-end framework for developing responsive, mobile first projects on the web.",
            "homepage": "http://getbootstrap.com",
            "keywords": [
                "JS",
                "css",
                "framework",
                "front-end",
                "less",
                "mobile-first",
                "responsive",
                "web"
            ],
            "time": "2015-11-24 19:37:05"
        }
    ],
    "packages-dev": [],
    "aliases": [],
    "minimum-stability": "stable",
    "stability-flags": [],
    "prefer-stable": false,
    "prefer-lowest": false,
    "platform": [],
    "platform-dev": []
}
