{
    "_readme": [
        "This file locks the dependencies of your project to a known state",
        "Read more about it at https://getcomposer.org/doc/01-basic-usage.md#composer-lock-the-lock-file",
        "This file is @generated automatically"
    ],
    "content-hash": "0cb19ae0af91c68b8eb15418e391cb70",
    "packages": [
        {
            "name": "components/jquery",
            "version": "2.2.4",
            "source": {
                "type": "git",
                "url": "https://github.com/components/jquery.git",
                "reference": "981036fcb56668433a7eb0d1e71190324b4574df"
            },
            "dist": {
                "type": "zip",
                "url": "https://api.github.com/repos/components/jquery/zipball/981036fcb56668433a7eb0d1e71190324b4574df",
                "reference": "981036fcb56668433a7eb0d1e71190324b4574df",
                "shasum": ""
            },
            "type": "component",
            "extra": {
                "component": {
                    "scripts": [
                        "jquery.js"
                    ],
                    "files": [
                        "jquery.min.js",
                        "jquery.min.map",
                        "jquery-migrate.js",
                        "jquery-migrate.min.js"
                    ]
                }
            },
            "notification-url": "https://packagist.org/downloads/",
            "license": [
                "MIT"
            ],
            "authors": [
                {
                    "name": "John Resig",
                    "email": "jeresig@gmail.com"
                }
            ],
            "description": "jQuery JavaScript Library",
            "homepage": "http://jquery.com",
            "time": "2016-05-25T06:43:59+00:00"
        },
        {
            "name": "rmm5t/jquery-timeago",
            "version": "v1.5.4",
            "source": {
                "type": "git",
                "url": "https://github.com/rmm5t/jquery-timeago.git",
                "reference": "180864a9c544a49e43719b457250af216d5e4c3a"
            },
            "dist": {
                "type": "zip",
                "url": "https://api.github.com/repos/rmm5t/jquery-timeago/zipball/180864a9c544a49e43719b457250af216d5e4c3a",
                "reference": "180864a9c544a49e43719b457250af216d5e4c3a",
                "shasum": ""
            },
            "require": {
                "components/jquery": ">=1.2.3"
            },
            "type": "library",
            "extra": {
                "component": {
                    "scripts": [
                        "jquery.timeago.js"
                    ],
                    "files": [
                        "locales/jquery.timeago.*.js"
                    ]
                }
            },
            "notification-url": "https://packagist.org/downloads/",
            "license": [
                "MIT"
            ],
            "authors": [
                {
                    "name": "Ryan McGeary",
                    "email": "ryan@mcgeary.org"
                }
            ],
            "description": "jQuery plugin that makes it easy to support automatically updating fuzzy timestamps (e.g. \"4 minutes ago\" or \"about 1 day ago\").",
            "homepage": "http://timeago.yarp.com/",
            "keywords": [
                "microformat",
                "time"
            ],
            "time": "2017-01-19T18:07:14+00:00"
        },
        {
            "name": "twbs/bootstrap",
            "version": "v3.3.7",
            "source": {
                "type": "git",
                "url": "https://github.com/twbs/bootstrap.git",
                "reference": "0b9c4a4007c44201dce9a6cc1a38407005c26c86"
            },
            "dist": {
                "type": "zip",
                "url": "https://api.github.com/repos/twbs/bootstrap/zipball/0b9c4a4007c44201dce9a6cc1a38407005c26c86",
                "reference": "0b9c4a4007c44201dce9a6cc1a38407005c26c86",
                "shasum": ""
            },
            "replace": {
                "twitter/bootstrap": "self.version"
            },
            "type": "library",
            "extra": {
                "branch-alias": {
                    "dev-master": "3.3.x-dev"
                }
            },
            "notification-url": "https://packagist.org/downloads/",
            "license": [
                "MIT"
            ],
            "authors": [
                {
                    "name": "Jacob Thornton",
                    "email": "jacobthornton@gmail.com"
                },
                {
                    "name": "Mark Otto",
                    "email": "markdotto@gmail.com"
                }
            ],
            "description": "The most popular front-end framework for developing responsive, mobile first projects on the web.",
            "homepage": "http://getbootstrap.com",
            "keywords": [
                "JS",
                "css",
                "framework",
                "front-end",
                "less",
                "mobile-first",
                "responsive",
                "web"
            ],
            "time": "2016-07-25T15:51:55+00:00"
        }
    ],
    "packages-dev": [],
    "aliases": [],
    "minimum-stability": "stable",
    "stability-flags": [],
    "prefer-stable": false,
    "prefer-lowest": false,
    "platform": [],
    "platform-dev": []
}
